
Microsoft Visual Studio Solution File, Format Version 12.00
# Visual Studio 14
VisualStudioVersion = 14.0.23107.0
MinimumVisualStudioVersion = 10.0.40219.1
Project("{FAE04EC0-301F-11D3-BF4B-00C04F79EFBC}") = "Skeleton", "Skeleton\Skeleton.csproj", "{18FBB367-6357-4C56-96F8-D6B4427D7118}"
EndProject
Project("{FAE04EC0-301F-11D3-BF4B-00C04F79EFBC}") = "TilesSolo", "TilesSolo\TilesSolo.csproj", "{A7472E38-75F3-469B-8DD6-3DA7D0D97DBD}"
EndProject
Project("{FAE04EC0-301F-11D3-BF4B-00C04F79EFBC}") = "TilesEC", "TilesEC\TilesEC.csproj", "{D3B1B6AD-CB46-43E9-BF7E-C5F1D4658F95}"
EndProject
Project("{FAE04EC0-301F-11D3-BF4B-00C04F79EFBC}") = "Hero", "Hero\Hero.csproj", "{50473AFB-B5DC-4449-AC0B-BB12B1D14FE2}"
EndProject
Project("{FAE04EC0-301F-11D3-BF4B-00C04F79EFBC}") = "HeroPractice", "HeroPractice\HeroPractice.csproj", "{87584826-A6E2-4154-A799-40FEE8E2C58A}"
EndProject
Project("{FAE04EC0-301F-11D3-BF4B-00C04F79EFBC}") = "KeysToMove", "KeysToMove\KeysToMove.csproj", "{D08E85AE-FF6A-45AE-9EE1-AEEDDECA0A08}"
EndProject
Project("{FAE04EC0-301F-11D3-BF4B-00C04F79EFBC}") = "MovingPractice", "MovingPractice\MovingPractice.csproj", "{B01F4EB7-B0D7-4FC4-BFEE-15EC2384C984}"
EndProject
Project("{FAE04EC0-301F-11D3-BF4B-00C04F79EFBC}") = "Collision", "Collision\Collision.csproj", "{EDBB5F33-CAA8-4D5E-9C5C-909FAA4FE7AB}"
EndProject
Project("{FAE04EC0-301F-11D3-BF4B-00C04F79EFBC}") = "OpenTheDoor", "OpenTheDoor\OpenTheDoor.csproj", "{0B1C8204-70CC-42AD-827C-B6BBB89FF3BE}"
EndProject
Project("{FAE04EC0-301F-11D3-BF4B-00C04F79EFBC}") = "Jumping", "Jumping\Jumping.csproj", "{96173ADB-1D2B-4419-8A6D-449BD5854F26}"
EndProject
Project("{FAE04EC0-301F-11D3-BF4B-00C04F79EFBC}") = "Clouds", "Clouds\Clouds.csproj", "{AE946263-7738-4C19-BF1B-283F7BA7103D}"
EndProject
Project("{FAE04EC0-301F-11D3-BF4B-00C04F79EFBC}") = "SimpleEnemy", "SimpleEnemy\SimpleEnemy.csproj", "{6D17ED5F-59B4-4AA4-ABD2-E5F5640F0076}"
EndProject
Project("{FAE04EC0-301F-11D3-BF4B-00C04F79EFBC}") = "Shooting", "Shooting\Shooting.csproj", "{F9CEB98B-5706-4730-9024-A0F6B08AE2EA}"
EndProject
Project("{FAE04EC0-301F-11D3-BF4B-00C04F79EFBC}") = "Items", "Items\Items.csproj", "{C045F237-1FA1-49BF-A8F2-FE932985B311}"
EndProject
Project("{FAE04EC0-301F-11D3-BF4B-00C04F79EFBC}") = "Scrolling", "Scrolling\Scrolling.csproj", "{A7AA99F4-281B-442B-949D-0C42D97B4E26}"
EndProject
Project("{FAE04EC0-301F-11D3-BF4B-00C04F79EFBC}") = "DepthBase", "DepthBase\DepthBase.csproj", "{5F7FD35F-59D4-492B-A7F8-F07F529CEC37}"
EndProject
Project("{FAE04EC0-301F-11D3-BF4B-00C04F79EFBC}") = "DepthBuffer", "DepthBuffer\DepthBuffer.csproj", "{9868BFCE-1728-4CD8-A16E-EFD37383B7F5}"
EndProject
Global
	GlobalSection(SolutionConfigurationPlatforms) = preSolution
		Debug|Any CPU = Debug|Any CPU
		Release|Any CPU = Release|Any CPU
	EndGlobalSection
	GlobalSection(ProjectConfigurationPlatforms) = postSolution
		{18FBB367-6357-4C56-96F8-D6B4427D7118}.Debug|Any CPU.ActiveCfg = Debug|Any CPU
		{18FBB367-6357-4C56-96F8-D6B4427D7118}.Debug|Any CPU.Build.0 = Debug|Any CPU
		{18FBB367-6357-4C56-96F8-D6B4427D7118}.Release|Any CPU.ActiveCfg = Release|Any CPU
		{18FBB367-6357-4C56-96F8-D6B4427D7118}.Release|Any CPU.Build.0 = Release|Any CPU
		{A7472E38-75F3-469B-8DD6-3DA7D0D97DBD}.Debug|Any CPU.ActiveCfg = Debug|Any CPU
		{A7472E38-75F3-469B-8DD6-3DA7D0D97DBD}.Debug|Any CPU.Build.0 = Debug|Any CPU
		{A7472E38-75F3-469B-8DD6-3DA7D0D97DBD}.Release|Any CPU.ActiveCfg = Release|Any CPU
		{A7472E38-75F3-469B-8DD6-3DA7D0D97DBD}.Release|Any CPU.Build.0 = Release|Any CPU
		{D3B1B6AD-CB46-43E9-BF7E-C5F1D4658F95}.Debug|Any CPU.ActiveCfg = Debug|Any CPU
		{D3B1B6AD-CB46-43E9-BF7E-C5F1D4658F95}.Debug|Any CPU.Build.0 = Debug|Any CPU
		{D3B1B6AD-CB46-43E9-BF7E-C5F1D4658F95}.Release|Any CPU.ActiveCfg = Release|Any CPU
		{D3B1B6AD-CB46-43E9-BF7E-C5F1D4658F95}.Release|Any CPU.Build.0 = Release|Any CPU
		{50473AFB-B5DC-4449-AC0B-BB12B1D14FE2}.Debug|Any CPU.ActiveCfg = Debug|Any CPU
		{50473AFB-B5DC-4449-AC0B-BB12B1D14FE2}.Debug|Any CPU.Build.0 = Debug|Any CPU
		{50473AFB-B5DC-4449-AC0B-BB12B1D14FE2}.Release|Any CPU.ActiveCfg = Release|Any CPU
		{50473AFB-B5DC-4449-AC0B-BB12B1D14FE2}.Release|Any CPU.Build.0 = Release|Any CPU
		{87584826-A6E2-4154-A799-40FEE8E2C58A}.Debug|Any CPU.ActiveCfg = Debug|Any CPU
		{87584826-A6E2-4154-A799-40FEE8E2C58A}.Debug|Any CPU.Build.0 = Debug|Any CPU
		{87584826-A6E2-4154-A799-40FEE8E2C58A}.Release|Any CPU.ActiveCfg = Release|Any CPU
		{87584826-A6E2-4154-A799-40FEE8E2C58A}.Release|Any CPU.Build.0 = Release|Any CPU
		{D08E85AE-FF6A-45AE-9EE1-AEEDDECA0A08}.Debug|Any CPU.ActiveCfg = Debug|Any CPU
		{D08E85AE-FF6A-45AE-9EE1-AEEDDECA0A08}.Debug|Any CPU.Build.0 = Debug|Any CPU
		{D08E85AE-FF6A-45AE-9EE1-AEEDDECA0A08}.Release|Any CPU.ActiveCfg = Release|Any CPU
		{D08E85AE-FF6A-45AE-9EE1-AEEDDECA0A08}.Release|Any CPU.Build.0 = Release|Any CPU
		{B01F4EB7-B0D7-4FC4-BFEE-15EC2384C984}.Debug|Any CPU.ActiveCfg = Debug|Any CPU
		{B01F4EB7-B0D7-4FC4-BFEE-15EC2384C984}.Debug|Any CPU.Build.0 = Debug|Any CPU
		{B01F4EB7-B0D7-4FC4-BFEE-15EC2384C984}.Release|Any CPU.ActiveCfg = Release|Any CPU
		{B01F4EB7-B0D7-4FC4-BFEE-15EC2384C984}.Release|Any CPU.Build.0 = Release|Any CPU
		{EDBB5F33-CAA8-4D5E-9C5C-909FAA4FE7AB}.Debug|Any CPU.ActiveCfg = Debug|Any CPU
		{EDBB5F33-CAA8-4D5E-9C5C-909FAA4FE7AB}.Debug|Any CPU.Build.0 = Debug|Any CPU
		{EDBB5F33-CAA8-4D5E-9C5C-909FAA4FE7AB}.Release|Any CPU.ActiveCfg = Release|Any CPU
		{EDBB5F33-CAA8-4D5E-9C5C-909FAA4FE7AB}.Release|Any CPU.Build.0 = Release|Any CPU
		{0B1C8204-70CC-42AD-827C-B6BBB89FF3BE}.Debug|Any CPU.ActiveCfg = Debug|Any CPU
		{0B1C8204-70CC-42AD-827C-B6BBB89FF3BE}.Debug|Any CPU.Build.0 = Debug|Any CPU
		{0B1C8204-70CC-42AD-827C-B6BBB89FF3BE}.Release|Any CPU.ActiveCfg = Release|Any CPU
		{0B1C8204-70CC-42AD-827C-B6BBB89FF3BE}.Release|Any CPU.Build.0 = Release|Any CPU
		{96173ADB-1D2B-4419-8A6D-449BD5854F26}.Debug|Any CPU.ActiveCfg = Debug|Any CPU
		{96173ADB-1D2B-4419-8A6D-449BD5854F26}.Debug|Any CPU.Build.0 = Debug|Any CPU
		{96173ADB-1D2B-4419-8A6D-449BD5854F26}.Release|Any CPU.ActiveCfg = Release|Any CPU
		{96173ADB-1D2B-4419-8A6D-449BD5854F26}.Release|Any CPU.Build.0 = Release|Any CPU
		{AE946263-7738-4C19-BF1B-283F7BA7103D}.Debug|Any CPU.ActiveCfg = Debug|Any CPU
		{AE946263-7738-4C19-BF1B-283F7BA7103D}.Debug|Any CPU.Build.0 = Debug|Any CPU
		{AE946263-7738-4C19-BF1B-283F7BA7103D}.Release|Any CPU.ActiveCfg = Release|Any CPU
		{AE946263-7738-4C19-BF1B-283F7BA7103D}.Release|Any CPU.Build.0 = Release|Any CPU
		{6D17ED5F-59B4-4AA4-ABD2-E5F5640F0076}.Debug|Any CPU.ActiveCfg = Debug|Any CPU
		{6D17ED5F-59B4-4AA4-ABD2-E5F5640F0076}.Debug|Any CPU.Build.0 = Debug|Any CPU
		{6D17ED5F-59B4-4AA4-ABD2-E5F5640F0076}.Release|Any CPU.ActiveCfg = Release|Any CPU
		{6D17ED5F-59B4-4AA4-ABD2-E5F5640F0076}.Release|Any CPU.Build.0 = Release|Any CPU
		{F9CEB98B-5706-4730-9024-A0F6B08AE2EA}.Debug|Any CPU.ActiveCfg = Debug|Any CPU
		{F9CEB98B-5706-4730-9024-A0F6B08AE2EA}.Debug|Any CPU.Build.0 = Debug|Any CPU
		{F9CEB98B-5706-4730-9024-A0F6B08AE2EA}.Release|Any CPU.ActiveCfg = Release|Any CPU
		{F9CEB98B-5706-4730-9024-A0F6B08AE2EA}.Release|Any CPU.Build.0 = Release|Any CPU
		{C045F237-1FA1-49BF-A8F2-FE932985B311}.Debug|Any CPU.ActiveCfg = Debug|Any CPU
		{C045F237-1FA1-49BF-A8F2-FE932985B311}.Debug|Any CPU.Build.0 = Debug|Any CPU
		{C045F237-1FA1-49BF-A8F2-FE932985B311}.Release|Any CPU.ActiveCfg = Release|Any CPU
		{C045F237-1FA1-49BF-A8F2-FE932985B311}.Release|Any CPU.Build.0 = Release|Any CPU
		{A7AA99F4-281B-442B-949D-0C42D97B4E26}.Debug|Any CPU.ActiveCfg = Debug|Any CPU
		{A7AA99F4-281B-442B-949D-0C42D97B4E26}.Debug|Any CPU.Build.0 = Debug|Any CPU
		{A7AA99F4-281B-442B-949D-0C42D97B4E26}.Release|Any CPU.ActiveCfg = Release|Any CPU
		{A7AA99F4-281B-442B-949D-0C42D97B4E26}.Release|Any CPU.Build.0 = Release|Any CPU
		{5F7FD35F-59D4-492B-A7F8-F07F529CEC37}.Debug|Any CPU.ActiveCfg = Debug|Any CPU
		{5F7FD35F-59D4-492B-A7F8-F07F529CEC37}.Debug|Any CPU.Build.0 = Debug|Any CPU
		{5F7FD35F-59D4-492B-A7F8-F07F529CEC37}.Release|Any CPU.ActiveCfg = Release|Any CPU
		{5F7FD35F-59D4-492B-A7F8-F07F529CEC37}.Release|Any CPU.Build.0 = Release|Any CPU
		{9868BFCE-1728-4CD8-A16E-EFD37383B7F5}.Debug|Any CPU.ActiveCfg = Debug|Any CPU
		{9868BFCE-1728-4CD8-A16E-EFD37383B7F5}.Debug|Any CPU.Build.0 = Debug|Any CPU
		{9868BFCE-1728-4CD8-A16E-EFD37383B7F5}.Release|Any CPU.ActiveCfg = Release|Any CPU
		{9868BFCE-1728-4CD8-A16E-EFD37383B7F5}.Release|Any CPU.Build.0 = Release|Any CPU
	EndGlobalSection
	GlobalSection(SolutionProperties) = preSolution
		HideSolutionNode = FALSE
	EndGlobalSection
EndGlobal
